// !$*UTF8*$!
{
	archiveVersion = 1;
	classes = {
	};
	objectVersion = 48;
	objects = {

/* Begin PBXBuildFile section */
		DC7068CB1F7BA04D00281164 /* AppDelegate.swift in Sources */ = {isa = PBXBuildFile; fileRef = DC7068CA1F7BA04D00281164 /* AppDelegate.swift */; };
		DC7068CD1F7BA04D00281164 /* ViewController.swift in Sources */ = {isa = PBXBuildFile; fileRef = DC7068CC1F7BA04D00281164 /* ViewController.swift */; };
		DC7068D01F7BA04D00281164 /* Main.storyboard in Resources */ = {isa = PBXBuildFile; fileRef = DC7068CE1F7BA04D00281164 /* Main.storyboard */; };
		DC7068D21F7BA04D00281164 /* Assets.xcassets in Resources */ = {isa = PBXBuildFile; fileRef = DC7068D11F7BA04D00281164 /* Assets.xcassets */; };
		DC7068D51F7BA04D00281164 /* LaunchScreen.storyboard in Resources */ = {isa = PBXBuildFile; fileRef = DC7068D31F7BA04D00281164 /* LaunchScreen.storyboard */; };
/* End PBXBuildFile section */

/* Begin PBXFileReference section */
		DC7068C71F7BA04D00281164 /* LegitimateAnswerSolver2000.app */ = {isa = PBXFileReference; explicitFileType = wrapper.application; includeInIndex = 0; path = LegitimateAnswerSolver2000.app; sourceTree = BUILT_PRODUCTS_DIR; };
		DC7068CA1F7BA04D00281164 /* AppDelegate.swift */ = {isa = PBXFileReference; lastKnownFileType = sourcecode.swift; path = AppDelegate.swift; sourceTree = "<group>"; };
		DC7068CC1F7BA04D00281164 /* ViewController.swift */ = {isa = PBXFileReference; lastKnownFileType = sourcecode.swift; path = ViewController.swift; sourceTree = "<group>"; };
		DC7068CF1F7BA04D00281164 /* Base */ = {isa = PBXFileReference; lastKnownFileType = file.storyboard; name = Base; path = Base.lproj/Main.storyboard; sourceTree = "<group>"; };
		DC7068D11F7BA04D00281164 /* Assets.xcassets */ = {isa = PBXFileReference; lastKnownFileType = folder.assetcatalog; path = Assets.xcassets; sourceTree = "<group>"; };
		DC7068D41F7BA04D00281164 /* Base */ = {isa = PBXFileReference; lastKnownFileType = file.storyboard; name = Base; path = Base.lproj/LaunchScreen.storyboard; sourceTree = "<group>"; };
		DC7068D61F7BA04D00281164 /* Info.plist */ = {isa = PBXFileReference; lastKnownFileType = text.plist.xml; path = Info.plist; sourceTree = "<group>"; };
/* End PBXFileReference section */

/* Begin PBXFrameworksBuildPhase section */
		DC7068C41F7BA04D00281164 /* Frameworks */ = {
			isa = PBXFrameworksBuildPhase;
			buildActionMask = 2147483647;
			files = (
			);
			runOnlyForDeploymentPostprocessing = 0;
		};
/* End PBXFrameworksBuildPhase section */

/* Begin PBXGroup section */
		DC7068BE1F7BA04C00281164 = {
			isa = PBXGroup;
			children = (
				DC7068C91F7BA04D00281164 /* LegitimateAnswerSolver2000 */,
				DC7068C81F7BA04D00281164 /* Products */,
			);
			sourceTree = "<group>";
		};
		DC7068C81F7BA04D00281164 /* Products */ = {
			isa = PBXGroup;
			children = (
				DC7068C71F7BA04D00281164 /* LegitimateAnswerSolver2000.app */,
			);
			name = Products;
			sourceTree = "<group>";
		};
		DC7068C91F7BA04D00281164 /* LegitimateAnswerSolver2000 */ = {
			isa = PBXGroup;
			children = (
				DC7068CA1F7BA04D00281164 /* AppDelegate.swift */,
				DC7068CC1F7BA04D00281164 /* ViewController.swift */,
				DC7068CE1F7BA04D00281164 /* Main.storyboard */,
				DC7068D11F7BA04D00281164 /* Assets.xcassets */,
				DC7068D31F7BA04D00281164 /* LaunchScreen.storyboard */,
				DC7068D61F7BA04D00281164 /* Info.plist */,
			);
			path = LegitimateAnswerSolver2000;
			sourceTree = "<group>";
		};
/* End PBXGroup section */

/* Begin PBXNativeTarget section */
		DC7068C61F7BA04D00281164 /* LegitimateAnswerSolver2000 */ = {
			isa = PBXNativeTarget;
			buildConfigurationList = DC7068D91F7BA04D00281164 /* Build configuration list for PBXNativeTarget "LegitimateAnswerSolver2000" */;
			buildPhases = (
				DC7068C31F7BA04D00281164 /* Sources */,
				DC7068C41F7BA04D00281164 /* Frameworks */,
				DC7068C51F7BA04D00281164 /* Resources */,
			);
			buildRules = (
			);
			dependencies = (
			);
			name = LegitimateAnswerSolver2000;
			productName = LegitimateAnswerSolver2000;
			productReference = DC7068C71F7BA04D00281164 /* LegitimateAnswerSolver2000.app */;
			productType = "com.apple.product-type.application";
		};
/* End PBXNativeTarget section */

/* Begin PBXProject section */
		DC7068BF1F7BA04C00281164 /* Project object */ = {
			isa = PBXProject;
			attributes = {
				LastSwiftUpdateCheck = 0900;
				LastUpgradeCheck = 0900;
				ORGANIZATIONNAME = "Filip Trzaska";
				TargetAttributes = {
					DC7068C61F7BA04D00281164 = {
						CreatedOnToolsVersion = 9.0;
						ProvisioningStyle = Automatic;
					};
				};
			};
			buildConfigurationList = DC7068C21F7BA04C00281164 /* Build configuration list for PBXProject "LegitimateAnswerSolver2000" */;
			compatibilityVersion = "Xcode 8.0";
			developmentRegion = en;
			hasScannedForEncodings = 0;
			knownRegions = (
				en,
				Base,
			);
			mainGroup = DC7068BE1F7BA04C00281164;
			productRefGroup = DC7068C81F7BA04D00281164 /* Products */;
			projectDirPath = "";
			projectRoot = "";
			targets = (
				DC7068C61F7BA04D00281164 /* LegitimateAnswerSolver2000 */,
			);
		};
/* End PBXProject section */

/* Begin PBXResourcesBuildPhase section */
		DC7068C51F7BA04D00281164 /* Resources */ = {
			isa = PBXResourcesBuildPhase;
			buildActionMask = 2147483647;
			files = (
				DC7068D51F7BA04D00281164 /* LaunchScreen.storyboard in Resources */,
				DC7068D21F7BA04D00281164 /* Assets.xcassets in Resources */,
				DC7068D01F7BA04D00281164 /* Main.storyboard in Resources */,
			);
			runOnlyForDeploymentPostprocessing = 0;
		};
/* End PBXResourcesBuildPhase section */

/* Begin PBXSourcesBuildPhase section */
		DC7068C31F7BA04D00281164 /* Sources */ = {
			isa = PBXSourcesBuildPhase;
			buildActionMask = 2147483647;
			files = (
				DC7068CD1F7BA04D00281164 /* ViewController.swift in Sources */,
				DC7068CB1F7BA04D00281164 /* AppDelegate.swift in Sources */,
			);
			runOnlyForDeploymentPostprocessing = 0;
		};
/* End PBXSourcesBuildPhase section */

/* Begin PBXVariantGroup section */
		DC7068CE1F7BA04D00281164 /* Main.storyboard */ = {
			isa = PBXVariantGroup;
			children = (
				DC7068CF1F7BA04D00281164 /* Base */,
			);
			name = Main.storyboard;
			sourceTree = "<group>";
		};
		DC7068D31F7BA04D00281164 /* LaunchScreen.storyboard */ = {
			isa = PBXVariantGroup;
			children = (
				DC7068D41F7BA04D00281164 /* Base */,
			);
			name = LaunchScreen.storyboard;
			sourceTree = "<group>";
		};
/* End PBXVariantGroup section */

/* Begin XCBuildConfiguration section */
		DC7068D71F7BA04D00281164 /* Debug */ = {
			isa = XCBuildConfiguration;
			buildSettings = {
				ALWAYS_SEARCH_USER_PATHS = NO;
				CLANG_ANALYZER_NONNULL = YES;
				CLANG_ANALYZER_NUMBER_OBJECT_CONVERSION = YES_AGGRESSIVE;
				CLANG_CXX_LANGUAGE_STANDARD = "gnu++14";
				CLANG_CXX_LIBRARY = "libc++";
				CLANG_ENABLE_MODULES = YES;
				CLANG_ENABLE_OBJC_ARC = YES;
				CLANG_WARN_BLOCK_CAPTURE_AUTORELEASING = YES;
				CLANG_WARN_BOOL_CONVERSION = YES;
				CLANG_WARN_COMMA = YES;
				CLANG_WARN_CONSTANT_CONVERSION = YES;
				CLANG_WARN_DIRECT_OBJC_ISA_USAGE = YES_ERROR;
				CLANG_WARN_DOCUMENTATION_COMMENTS = YES;
				CLANG_WARN_EMPTY_BODY = YES;
				CLANG_WARN_ENUM_CONVERSION = YES;
				CLANG_WARN_INFINITE_RECURSION = YES;
				CLANG_WARN_INT_CONVERSION = YES;
				CLANG_WARN_NON_LITERAL_NULL_CONVERSION = YES;
				CLANG_WARN_OBJC_LITERAL_CONVERSION = YES;
				CLANG_WARN_OBJC_ROOT_CLASS = YES_ERROR;
				CLANG_WARN_RANGE_LOOP_ANALYSIS = YES;
				CLANG_WARN_STRICT_PROTOTYPES = YES;
				CLANG_WARN_SUSPICIOUS_MOVE = YES;
				CLANG_WARN_UNGUARDED_AVAILABILITY = YES_AGGRESSIVE;
				CLANG_WARN_UNREACHABLE_CODE = YES;
				CLANG_WARN__DUPLICATE_METHOD_MATCH = YES;
				CODE_SIGN_IDENTITY = "iPhone Developer";
				COPY_PHASE_STRIP = NO;
				DEBUG_INFORMATION_FORMAT = dwarf;
				ENABLE_STRICT_OBJC_MSGSEND = YES;
				ENABLE_TESTABILITY = YES;
				GCC_C_LANGUAGE_STANDARD = gnu11;
				GCC_DYNAMIC_NO_PIC = NO;
				GCC_NO_COMMON_BLOCKS = YES;
				GCC_OPTIMIZATION_LEVEL = 0;
				GCC_PREPROCESSOR_DEFINITIONS = (
					"DEBUG=1",
					"$(inherited)",
				);
				GCC_WARN_64_TO_32_BIT_CONVERSION = YES;
				GCC_WARN_ABOUT_RETURN_TYPE = YES_ERROR;
				GCC_WARN_UNDECLARED_SELECTOR = YES;
				GCC_WARN_UNINITIALIZED_AUTOS = YES_AGGRESSIVE;
				GCC_WARN_UNUSED_FUNCTION = YES;
				GCC_WARN_UNUSED_VARIABLE = YES;
				IPHONEOS_DEPLOYMENT_TARGET = 11.0;
				MTL_ENABLE_DEBUG_INFO = YES;
				ONLY_ACTIVE_ARCH = YES;
				SDKROOT = iphoneos;
				SWIFT_ACTIVE_COMPILATION_CONDITIONS = DEBUG;
				SWIFT_OPTIMIZATION_LEVEL = "-Onone";
			};
			name = Debug;
		};
		DC7068D81F7BA04D00281164 /* Release */ = {
			isa = XCBuildConfiguration;
			buildSettings = {
				ALWAYS_SEARCH_USER_PATHS = NO;
				CLANG_ANALYZER_NONNULL = YES;
				CLANG_ANALYZER_NUMBER_OBJECT_CONVERSION = YES_AGGRESSIVE;
				CLANG_CXX_LANGUAGE_STANDARD = "gnu++14";
				CLANG_CXX_LIBRARY = "libc++";
				CLANG_ENABLE_MODULES = YES;
				CLANG_ENABLE_OBJC_ARC = YES;
				CLANG_WARN_BLOCK_CAPTURE_AUTORELEASING = YES;
				CLANG_WARN_BOOL_CONVERSION = YES;
				CLANG_WARN_COMMA = YES;
				CLANG_WARN_CONSTANT_CONVERSION = YES;
				CLANG_WARN_DIRECT_OBJC_ISA_USAGE = YES_ERROR;
				CLANG_WARN_DOCUMENTATION_COMMENTS = YES;
				CLANG_WARN_EMPTY_BODY = YES;
				CLANG_WARN_ENUM_CONVERSION = YES;
				CLANG_WARN_INFINITE_RECURSION = YES;
				CLANG_WARN_INT_CONVERSION = YES;
				CLANG_WARN_NON_LITERAL_NULL_CONVERSION = YES;
				CLANG_WARN_OBJC_LITERAL_CONVERSION = YES;
				CLANG_WARN_OBJC_ROOT_CLASS = YES_ERROR;
				CLANG_WARN_RANGE_LOOP_ANALYSIS = YES;
				CLANG_WARN_STRICT_PROTOTYPES = YES;
				CLANG_WARN_SUSPICIOUS_MOVE = YES;
				CLANG_WARN_UNGUARDED_AVAILABILITY = YES_AGGRESSIVE;
				CLANG_WARN_UNREACHABLE_CODE = YES;
				CLANG_WARN__DUPLICATE_METHOD_MATCH = YES;
				CODE_SIGN_IDENTITY = "iPhone Developer";
				COPY_PHASE_STRIP = NO;
				DEBUG_INFORMATION_FORMAT = "dwarf-with-dsym";
				ENABLE_NS_ASSERTIONS = NO;
				ENABLE_STRICT_OBJC_MSGSEND = YES;
				GCC_C_LANGUAGE_STANDARD = gnu11;
				GCC_NO_COMMON_BLOCKS = YES;
				GCC_WARN_64_TO_32_BIT_CONVERSION = YES;
				GCC_WARN_ABOUT_RETURN_TYPE = YES_ERROR;
				GCC_WARN_UNDECLARED_SELECTOR = YES;
				GCC_WARN_UNINITIALIZED_AUTOS = YES_AGGRESSIVE;
				GCC_WARN_UNUSED_FUNCTION = YES;
				GCC_WARN_UNUSED_VARIABLE = YES;
				IPHONEOS_DEPLOYMENT_TARGET = 11.0;
				MTL_ENABLE_DEBUG_INFO = NO;
				SDKROOT = iphoneos;
				SWIFT_OPTIMIZATION_LEVEL = "-Owholemodule";
				VALIDATE_PRODUCT = YES;
			};
			name = Release;
		};
		DC7068DA1F7BA04D00281164 /* Debug */ = {
			isa = XCBuildConfiguration;
			buildSettings = {
				ASSETCATALOG_COMPILER_APPICON_NAME = AppIcon;
				CODE_SIGN_STYLE = Automatic;
				DEVELOPMENT_TEAM = WHWTVK343F;
				INFOPLIST_FILE = LegitimateAnswerSolver2000/Info.plist;
				LD_RUNPATH_SEARCH_PATHS = "$(inherited) @executable_path/Frameworks";
				PRODUCT_BUNDLE_IDENTIFIER = com.filiptrzaska.LegitimateAnswerSolver2000;
				PRODUCT_NAME = "$(TARGET_NAME)";
				SWIFT_VERSION = 4.0;
				TARGETED_DEVICE_FAMILY = "1,2";
			};
			name = Debug;
		};
		DC7068DB1F7BA04D00281164 /* Release */ = {
			isa = XCBuildConfiguration;
			buildSettings = {
				ASSETCATALOG_COMPILER_APPICON_NAME = AppIcon;
				CODE_SIGN_STYLE = Automatic;
				DEVELOPMENT_TEAM = WHWTVK343F;
				INFOPLIST_FILE = LegitimateAnswerSolver2000/Info.plist;
				LD_RUNPATH_SEARCH_PATHS = "$(inherited) @executable_path/Frameworks";
				PRODUCT_BUNDLE_IDENTIFIER = com.filiptrzaska.LegitimateAnswerSolver2000;
				PRODUCT_NAME = "$(TARGET_NAME)";
				SWIFT_VERSION = 4.0;
				TARGETED_DEVICE_FAMILY = "1,2";
			};
			name = Release;
		};
/* End XCBuildConfiguration section */

/* Begin XCConfigurationList section */
		DC7068C21F7BA04C00281164 /* Build configuration list for PBXProject "LegitimateAnswerSolver2000" */ = {
			isa = XCConfigurationList;
			buildConfigurations = (
				DC7068D71F7BA04D00281164 /* Debug */,
				DC7068D81F7BA04D00281164 /* Release */,
			);
			defaultConfigurationIsVisible = 0;
			defaultConfigurationName = Release;
		};
		DC7068D91F7BA04D00281164 /* Build configuration list for PBXNativeTarget "LegitimateAnswerSolver2000" */ = {
			isa = XCConfigurationList;
			buildConfigurations = (
				DC7068DA1F7BA04D00281164 /* Debug */,
				DC7068DB1F7BA04D00281164 /* Release */,
			);
			defaultConfigurationIsVisible = 0;
			defaultConfigurationName = Release;
		};
/* End XCConfigurationList section */
	};
	rootObject = DC7068BF1F7BA04C00281164 /* Project object */;
}
